
Microsoft Visual Studio Solution File, Format Version 12.00
# Visual Studio Version 17
VisualStudioVersion = 17.5.33414.496
MinimumVisualStudioVersion = 10.0.40219.1
Project("{9A19103F-16F7-4668-BE54-9A1E7A4F7556}") = "DfT.DTRO", "src\DfT.DTRO\DfT.DTRO.csproj", "{4AE32C06-3001-4429-98E2-B16F35F63AE9}"
EndProject
Project("{9A19103F-16F7-4668-BE54-9A1E7A4F7556}") = "Dft.DTRO.Tests", "src\Dft.DTRO.Tests\Dft.DTRO.Tests.csproj", "{BCBA3E2E-6BC4-4821-9A4A-8954A503C334}"
EndProject
Global
	GlobalSection(SolutionConfigurationPlatforms) = preSolution
		Debug|Any CPU = Debug|Any CPU
		Release|Any CPU = Release|Any CPU
	EndGlobalSection
	GlobalSection(ProjectConfigurationPlatforms) = postSolution
		{4AE32C06-3001-4429-98E2-B16F35F63AE9}.Debug|Any CPU.ActiveCfg = Debug|Any CPU
		{4AE32C06-3001-4429-98E2-B16F35F63AE9}.Debug|Any CPU.Build.0 = Debug|Any CPU
		{4AE32C06-3001-4429-98E2-B16F35F63AE9}.Release|Any CPU.ActiveCfg = Release|Any CPU
		{4AE32C06-3001-4429-98E2-B16F35F63AE9}.Release|Any CPU.Build.0 = Release|Any CPU
		{BCBA3E2E-6BC4-4821-9A4A-8954A503C334}.Debug|Any CPU.ActiveCfg = Debug|Any CPU
		{BCBA3E2E-6BC4-4821-9A4A-8954A503C334}.Debug|Any CPU.Build.0 = Debug|Any CPU
		{BCBA3E2E-6BC4-4821-9A4A-8954A503C334}.Release|Any CPU.ActiveCfg = Release|Any CPU
		{BCBA3E2E-6BC4-4821-9A4A-8954A503C334}.Release|Any CPU.Build.0 = Release|Any CPU
	EndGlobalSection
	GlobalSection(SolutionProperties) = preSolution
		HideSolutionNode = FALSE
	EndGlobalSection
	GlobalSection(ExtensibilityGlobals) = postSolution
		SolutionGuid = {1E6F69E4-972A-4872-81AB-F8F6725B348B}
	EndGlobalSection
EndGlobal
